
Microsoft Visual Studio Solution File, Format Version 12.00
# Visual Studio Version 17
VisualStudioVersion = 17.9.34728.123
MinimumVisualStudioVersion = 10.0.40219.1
Project("{FAE04EC0-301F-11D3-BF4B-00C04F79EFBC}") = "LuyenCoNao_1", "LuyenCoNao_1\LuyenCoNao_1.csproj", "{A9C7D7BE-7756-42CD-9353-6D8DD8C998E2}"
EndProject
Global
	GlobalSection(SolutionConfigurationPlatforms) = preSolution
		Debug|Any CPU = Debug|Any CPU
		Release|Any CPU = Release|Any CPU
	EndGlobalSection
	GlobalSection(ProjectConfigurationPlatforms) = postSolution
		{A9C7D7BE-7756-42CD-9353-6D8DD8C998E2}.Debug|Any CPU.ActiveCfg = Debug|Any CPU
		{A9C7D7BE-7756-42CD-9353-6D8DD8C998E2}.Debug|Any CPU.Build.0 = Debug|Any CPU
		{A9C7D7BE-7756-42CD-9353-6D8DD8C998E2}.Release|Any CPU.ActiveCfg = Release|Any CPU
		{A9C7D7BE-7756-42CD-9353-6D8DD8C998E2}.Release|Any CPU.Build.0 = Release|Any CPU
	EndGlobalSection
	GlobalSection(SolutionProperties) = preSolution
		HideSolutionNode = FALSE
	EndGlobalSection
	GlobalSection(ExtensibilityGlobals) = postSolution
		SolutionGuid = {4C82BFC8-9774-4EE7-8956-F16F3747D083}
	EndGlobalSection
EndGlobal
