
Microsoft Visual Studio Solution File, Format Version 12.00
# Visual Studio Version 17
VisualStudioVersion = 17.5.002.0
MinimumVisualStudioVersion = 10.0.40219.1
Project("{9A19103F-16F7-4668-BE54-9A1E7A4F7556}") = "exercise_1", "exercise_1\exercise_1.csproj", "{C9FE0B55-8527-4C7A-8679-2ABD76DDA2A7}"
EndProject
Project("{9A19103F-16F7-4668-BE54-9A1E7A4F7556}") = "exercise_10", "exercise_10\exercise_10.csproj", "{A19F7702-B59A-4039-B7CD-C07342478714}"
EndProject
Project("{9A19103F-16F7-4668-BE54-9A1E7A4F7556}") = "exercise_11", "exercise_11\exercise_11.csproj", "{922ABE9D-C278-4B2D-BFA7-7D5CDD1B8396}"
EndProject
Project("{9A19103F-16F7-4668-BE54-9A1E7A4F7556}") = "exercise_12", "exercise_12\exercise_12.csproj", "{375B4F75-F5CB-4931-9FD5-6E1645E68EFC}"
EndProject
Project("{9A19103F-16F7-4668-BE54-9A1E7A4F7556}") = "exercise_13", "exercise_13\exercise_13.csproj", "{A7D2C256-6D87-4AC8-B7F1-6B1227562F2F}"
EndProject
Project("{9A19103F-16F7-4668-BE54-9A1E7A4F7556}") = "exercise_14", "exercise_14\exercise_14.csproj", "{CF0F2498-03E3-4188-BC62-AF9F84C8CA41}"
EndProject
Project("{9A19103F-16F7-4668-BE54-9A1E7A4F7556}") = "exercise_15", "exercise_15\exercise_15.csproj", "{499298F9-BE93-4CF2-82EE-62E95BE3CBEF}"
EndProject
Project("{9A19103F-16F7-4668-BE54-9A1E7A4F7556}") = "exercise_16", "exercise_16\exercise_16.csproj", "{A0A71A67-4B07-4081-9C27-A18057742DC3}"
EndProject
Project("{9A19103F-16F7-4668-BE54-9A1E7A4F7556}") = "exercise_17", "exercise_17\exercise_17.csproj", "{141BEA14-9A0A-4C3D-A374-898E57DA5239}"
EndProject
Project("{9A19103F-16F7-4668-BE54-9A1E7A4F7556}") = "exercise_18", "exercise_18\exercise_18.csproj", "{0A8AB94D-7E27-470B-B84A-AD4028005C29}"
EndProject
Project("{9A19103F-16F7-4668-BE54-9A1E7A4F7556}") = "exercise_19", "exercise_19\exercise_19.csproj", "{CA96535D-6B9B-44FA-AF9F-41415761BEB6}"
EndProject
Project("{9A19103F-16F7-4668-BE54-9A1E7A4F7556}") = "exercise_2", "exercise_2\exercise_2.csproj", "{0C960386-7B4A-474A-93E9-2825BEBE5BB4}"
EndProject
Project("{9A19103F-16F7-4668-BE54-9A1E7A4F7556}") = "exercise_20", "exercise_20\exercise_20.csproj", "{6D4F6F83-CBD2-4496-9580-F152B2072870}"
EndProject
Project("{9A19103F-16F7-4668-BE54-9A1E7A4F7556}") = "exercise_21", "exercise_21\exercise_21.csproj", "{3A65CC93-494A-437E-8F6E-EEE4A4C17984}"
EndProject
Project("{9A19103F-16F7-4668-BE54-9A1E7A4F7556}") = "exercise_22", "exercise_22\exercise_22.csproj", "{6E564E41-D1CA-4C5B-968B-82DE6B5E37BC}"
EndProject
Project("{9A19103F-16F7-4668-BE54-9A1E7A4F7556}") = "exercise_23", "exercise_23\exercise_23.csproj", "{A8850F7E-15A9-4E2D-936D-9A15A92CB0E5}"
EndProject
Project("{9A19103F-16F7-4668-BE54-9A1E7A4F7556}") = "exercise_24", "exercise_24\exercise_24.csproj", "{12A6DFE1-0A35-4023-BD27-2792C7CE750F}"
EndProject
Project("{9A19103F-16F7-4668-BE54-9A1E7A4F7556}") = "exercise_25", "exercise_25\exercise_25.csproj", "{0E39B51E-9C38-4B23-B4F3-A1C19AE9283F}"
EndProject
Project("{9A19103F-16F7-4668-BE54-9A1E7A4F7556}") = "exercise_26", "exercise_26\exercise_26.csproj", "{B195FF29-5D81-44CE-86BE-173596756EDF}"
EndProject
Project("{9A19103F-16F7-4668-BE54-9A1E7A4F7556}") = "exercise_27", "exercise_27\exercise_27.csproj", "{CC4B303E-6D48-451F-92D9-F31B88A79E43}"
EndProject
Project("{9A19103F-16F7-4668-BE54-9A1E7A4F7556}") = "exercise_28", "exercise_28\exercise_28.csproj", "{733E76CB-8BF6-4464-BD15-E34E672D8106}"
EndProject
Project("{9A19103F-16F7-4668-BE54-9A1E7A4F7556}") = "exercise_29", "exercise_29\exercise_29.csproj", "{999FF138-10B7-4872-9A3E-61A80F0B5AE1}"
EndProject
Project("{9A19103F-16F7-4668-BE54-9A1E7A4F7556}") = "exercise_3", "exercise_3\exercise_3.csproj", "{E4107DE0-DFFC-4986-91C3-8197875F60A1}"
EndProject
Project("{9A19103F-16F7-4668-BE54-9A1E7A4F7556}") = "exercise_30", "exercise_30\exercise_30.csproj", "{4E6F4FB8-B881-4BB0-A042-12C7BE164EF0}"
EndProject
Project("{9A19103F-16F7-4668-BE54-9A1E7A4F7556}") = "exercise_31", "exercise_31\exercise_31.csproj", "{338D245F-B9EE-4D87-AE7A-52A9F01E6DFD}"
EndProject
Project("{9A19103F-16F7-4668-BE54-9A1E7A4F7556}") = "exercise_32", "exercise_32\exercise_32.csproj", "{6809B978-30B9-40BA-BA2F-44163B260F3E}"
EndProject
Project("{9A19103F-16F7-4668-BE54-9A1E7A4F7556}") = "exercise_33", "exercise_33\exercise_33.csproj", "{82F6E9CA-4533-4117-86FC-843F0E835A1E}"
EndProject
Project("{9A19103F-16F7-4668-BE54-9A1E7A4F7556}") = "exercise_34", "exercise_34\exercise_34.csproj", "{0C1EB5BC-EB24-4590-A3E6-5264A5DE74A0}"
EndProject
Project("{9A19103F-16F7-4668-BE54-9A1E7A4F7556}") = "exercise_35", "exercise_35\exercise_35.csproj", "{5DAA1CF8-D40F-4EBB-BBCF-5B1962AA5E11}"
EndProject
Project("{9A19103F-16F7-4668-BE54-9A1E7A4F7556}") = "exercise_36", "exercise_36\exercise_36.csproj", "{46DAD42B-821C-4000-ADF6-55CEBCD96A94}"
EndProject
Project("{9A19103F-16F7-4668-BE54-9A1E7A4F7556}") = "exercise_37", "exercise_37\exercise_37.csproj", "{F2D7115B-208C-44AE-B47A-436FB5AD75A9}"
EndProject
Project("{9A19103F-16F7-4668-BE54-9A1E7A4F7556}") = "exercise_4", "exercise_4\exercise_4.csproj", "{A9D6E8D5-A4F4-4041-A690-8FE2F2C66999}"
EndProject
Project("{9A19103F-16F7-4668-BE54-9A1E7A4F7556}") = "exercise_5", "exercise_5\exercise_5.csproj", "{CE17F237-1787-44E8-9013-EF129B6E8430}"
EndProject
Project("{9A19103F-16F7-4668-BE54-9A1E7A4F7556}") = "exercise_6", "exercise_6\exercise_6.csproj", "{14A39FC9-DEBC-403E-972A-092679F3C3FB}"
EndProject
Project("{9A19103F-16F7-4668-BE54-9A1E7A4F7556}") = "exercise_7", "exercise_7\exercise_7.csproj", "{6038CAF9-9981-4544-B133-CBAF2F2C1E89}"
EndProject
Project("{9A19103F-16F7-4668-BE54-9A1E7A4F7556}") = "exercise_8", "exercise_8\exercise_8.csproj", "{8955F3B8-C9C2-476A-8B65-621752249FE4}"
EndProject
Project("{9A19103F-16F7-4668-BE54-9A1E7A4F7556}") = "exercise_9", "exercise_9\exercise_9.csproj", "{00C8ED75-2156-4E6D-9A37-7AFA37E2C4E7}"
EndProject
Global
	GlobalSection(SolutionConfigurationPlatforms) = preSolution
		Debug|Any CPU = Debug|Any CPU
		Release|Any CPU = Release|Any CPU
	EndGlobalSection
	GlobalSection(ProjectConfigurationPlatforms) = postSolution
		{C9FE0B55-8527-4C7A-8679-2ABD76DDA2A7}.Debug|Any CPU.ActiveCfg = Debug|Any CPU
		{C9FE0B55-8527-4C7A-8679-2ABD76DDA2A7}.Debug|Any CPU.Build.0 = Debug|Any CPU
		{C9FE0B55-8527-4C7A-8679-2ABD76DDA2A7}.Release|Any CPU.ActiveCfg = Release|Any CPU
		{C9FE0B55-8527-4C7A-8679-2ABD76DDA2A7}.Release|Any CPU.Build.0 = Release|Any CPU
		{A19F7702-B59A-4039-B7CD-C07342478714}.Debug|Any CPU.ActiveCfg = Debug|Any CPU
		{A19F7702-B59A-4039-B7CD-C07342478714}.Debug|Any CPU.Build.0 = Debug|Any CPU
		{A19F7702-B59A-4039-B7CD-C07342478714}.Release|Any CPU.ActiveCfg = Release|Any CPU
		{A19F7702-B59A-4039-B7CD-C07342478714}.Release|Any CPU.Build.0 = Release|Any CPU
		{922ABE9D-C278-4B2D-BFA7-7D5CDD1B8396}.Debug|Any CPU.ActiveCfg = Debug|Any CPU
		{922ABE9D-C278-4B2D-BFA7-7D5CDD1B8396}.Debug|Any CPU.Build.0 = Debug|Any CPU
		{922ABE9D-C278-4B2D-BFA7-7D5CDD1B8396}.Release|Any CPU.ActiveCfg = Release|Any CPU
		{922ABE9D-C278-4B2D-BFA7-7D5CDD1B8396}.Release|Any CPU.Build.0 = Release|Any CPU
		{375B4F75-F5CB-4931-9FD5-6E1645E68EFC}.Debug|Any CPU.ActiveCfg = Debug|Any CPU
		{375B4F75-F5CB-4931-9FD5-6E1645E68EFC}.Debug|Any CPU.Build.0 = Debug|Any CPU
		{375B4F75-F5CB-4931-9FD5-6E1645E68EFC}.Release|Any CPU.ActiveCfg = Release|Any CPU
		{375B4F75-F5CB-4931-9FD5-6E1645E68EFC}.Release|Any CPU.Build.0 = Release|Any CPU
		{A7D2C256-6D87-4AC8-B7F1-6B1227562F2F}.Debug|Any CPU.ActiveCfg = Debug|Any CPU
		{A7D2C256-6D87-4AC8-B7F1-6B1227562F2F}.Debug|Any CPU.Build.0 = Debug|Any CPU
		{A7D2C256-6D87-4AC8-B7F1-6B1227562F2F}.Release|Any CPU.ActiveCfg = Release|Any CPU
		{A7D2C256-6D87-4AC8-B7F1-6B1227562F2F}.Release|Any CPU.Build.0 = Release|Any CPU
		{CF0F2498-03E3-4188-BC62-AF9F84C8CA41}.Debug|Any CPU.ActiveCfg = Debug|Any CPU
		{CF0F2498-03E3-4188-BC62-AF9F84C8CA41}.Debug|Any CPU.Build.0 = Debug|Any CPU
		{CF0F2498-03E3-4188-BC62-AF9F84C8CA41}.Release|Any CPU.ActiveCfg = Release|Any CPU
		{CF0F2498-03E3-4188-BC62-AF9F84C8CA41}.Release|Any CPU.Build.0 = Release|Any CPU
		{499298F9-BE93-4CF2-82EE-62E95BE3CBEF}.Debug|Any CPU.ActiveCfg = Debug|Any CPU
		{499298F9-BE93-4CF2-82EE-62E95BE3CBEF}.Debug|Any CPU.Build.0 = Debug|Any CPU
		{499298F9-BE93-4CF2-82EE-62E95BE3CBEF}.Release|Any CPU.ActiveCfg = Release|Any CPU
		{499298F9-BE93-4CF2-82EE-62E95BE3CBEF}.Release|Any CPU.Build.0 = Release|Any CPU
		{A0A71A67-4B07-4081-9C27-A18057742DC3}.Debug|Any CPU.ActiveCfg = Debug|Any CPU
		{A0A71A67-4B07-4081-9C27-A18057742DC3}.Debug|Any CPU.Build.0 = Debug|Any CPU
		{A0A71A67-4B07-4081-9C27-A18057742DC3}.Release|Any CPU.ActiveCfg = Release|Any CPU
		{A0A71A67-4B07-4081-9C27-A18057742DC3}.Release|Any CPU.Build.0 = Release|Any CPU
		{141BEA14-9A0A-4C3D-A374-898E57DA5239}.Debug|Any CPU.ActiveCfg = Debug|Any CPU
		{141BEA14-9A0A-4C3D-A374-898E57DA5239}.Debug|Any CPU.Build.0 = Debug|Any CPU
		{141BEA14-9A0A-4C3D-A374-898E57DA5239}.Release|Any CPU.ActiveCfg = Release|Any CPU
		{141BEA14-9A0A-4C3D-A374-898E57DA5239}.Release|Any CPU.Build.0 = Release|Any CPU
		{0A8AB94D-7E27-470B-B84A-AD4028005C29}.Debug|Any CPU.ActiveCfg = Debug|Any CPU
		{0A8AB94D-7E27-470B-B84A-AD4028005C29}.Debug|Any CPU.Build.0 = Debug|Any CPU
		{0A8AB94D-7E27-470B-B84A-AD4028005C29}.Release|Any CPU.ActiveCfg = Release|Any CPU
		{0A8AB94D-7E27-470B-B84A-AD4028005C29}.Release|Any CPU.Build.0 = Release|Any CPU
		{CA96535D-6B9B-44FA-AF9F-41415761BEB6}.Debug|Any CPU.ActiveCfg = Debug|Any CPU
		{CA96535D-6B9B-44FA-AF9F-41415761BEB6}.Debug|Any CPU.Build.0 = Debug|Any CPU
		{CA96535D-6B9B-44FA-AF9F-41415761BEB6}.Release|Any CPU.ActiveCfg = Release|Any CPU
		{CA96535D-6B9B-44FA-AF9F-41415761BEB6}.Release|Any CPU.Build.0 = Release|Any CPU
		{0C960386-7B4A-474A-93E9-2825BEBE5BB4}.Debug|Any CPU.ActiveCfg = Debug|Any CPU
		{0C960386-7B4A-474A-93E9-2825BEBE5BB4}.Debug|Any CPU.Build.0 = Debug|Any CPU
		{0C960386-7B4A-474A-93E9-2825BEBE5BB4}.Release|Any CPU.ActiveCfg = Release|Any CPU
		{0C960386-7B4A-474A-93E9-2825BEBE5BB4}.Release|Any CPU.Build.0 = Release|Any CPU
		{6D4F6F83-CBD2-4496-9580-F152B2072870}.Debug|Any CPU.ActiveCfg = Debug|Any CPU
		{6D4F6F83-CBD2-4496-9580-F152B2072870}.Debug|Any CPU.Build.0 = Debug|Any CPU
		{6D4F6F83-CBD2-4496-9580-F152B2072870}.Release|Any CPU.ActiveCfg = Release|Any CPU
		{6D4F6F83-CBD2-4496-9580-F152B2072870}.Release|Any CPU.Build.0 = Release|Any CPU
		{3A65CC93-494A-437E-8F6E-EEE4A4C17984}.Debug|Any CPU.ActiveCfg = Debug|Any CPU
		{3A65CC93-494A-437E-8F6E-EEE4A4C17984}.Debug|Any CPU.Build.0 = Debug|Any CPU
		{3A65CC93-494A-437E-8F6E-EEE4A4C17984}.Release|Any CPU.ActiveCfg = Release|Any CPU
		{3A65CC93-494A-437E-8F6E-EEE4A4C17984}.Release|Any CPU.Build.0 = Release|Any CPU
		{6E564E41-D1CA-4C5B-968B-82DE6B5E37BC}.Debug|Any CPU.ActiveCfg = Debug|Any CPU
		{6E564E41-D1CA-4C5B-968B-82DE6B5E37BC}.Debug|Any CPU.Build.0 = Debug|Any CPU
		{6E564E41-D1CA-4C5B-968B-82DE6B5E37BC}.Release|Any CPU.ActiveCfg = Release|Any CPU
		{6E564E41-D1CA-4C5B-968B-82DE6B5E37BC}.Release|Any CPU.Build.0 = Release|Any CPU
		{A8850F7E-15A9-4E2D-936D-9A15A92CB0E5}.Debug|Any CPU.ActiveCfg = Debug|Any CPU
		{A8850F7E-15A9-4E2D-936D-9A15A92CB0E5}.Debug|Any CPU.Build.0 = Debug|Any CPU
		{A8850F7E-15A9-4E2D-936D-9A15A92CB0E5}.Release|Any CPU.ActiveCfg = Release|Any CPU
		{A8850F7E-15A9-4E2D-936D-9A15A92CB0E5}.Release|Any CPU.Build.0 = Release|Any CPU
		{12A6DFE1-0A35-4023-BD27-2792C7CE750F}.Debug|Any CPU.ActiveCfg = Debug|Any CPU
		{12A6DFE1-0A35-4023-BD27-2792C7CE750F}.Debug|Any CPU.Build.0 = Debug|Any CPU
		{12A6DFE1-0A35-4023-BD27-2792C7CE750F}.Release|Any CPU.ActiveCfg = Release|Any CPU
		{12A6DFE1-0A35-4023-BD27-2792C7CE750F}.Release|Any CPU.Build.0 = Release|Any CPU
		{0E39B51E-9C38-4B23-B4F3-A1C19AE9283F}.Debug|Any CPU.ActiveCfg = Debug|Any CPU
		{0E39B51E-9C38-4B23-B4F3-A1C19AE9283F}.Debug|Any CPU.Build.0 = Debug|Any CPU
		{0E39B51E-9C38-4B23-B4F3-A1C19AE9283F}.Release|Any CPU.ActiveCfg = Release|Any CPU
		{0E39B51E-9C38-4B23-B4F3-A1C19AE9283F}.Release|Any CPU.Build.0 = Release|Any CPU
		{B195FF29-5D81-44CE-86BE-173596756EDF}.Debug|Any CPU.ActiveCfg = Debug|Any CPU
		{B195FF29-5D81-44CE-86BE-173596756EDF}.Debug|Any CPU.Build.0 = Debug|Any CPU
		{B195FF29-5D81-44CE-86BE-173596756EDF}.Release|Any CPU.ActiveCfg = Release|Any CPU
		{B195FF29-5D81-44CE-86BE-173596756EDF}.Release|Any CPU.Build.0 = Release|Any CPU
		{CC4B303E-6D48-451F-92D9-F31B88A79E43}.Debug|Any CPU.ActiveCfg = Debug|Any CPU
		{CC4B303E-6D48-451F-92D9-F31B88A79E43}.Debug|Any CPU.Build.0 = Debug|Any CPU
		{CC4B303E-6D48-451F-92D9-F31B88A79E43}.Release|Any CPU.ActiveCfg = Release|Any CPU
		{CC4B303E-6D48-451F-92D9-F31B88A79E43}.Release|Any CPU.Build.0 = Release|Any CPU
		{733E76CB-8BF6-4464-BD15-E34E672D8106}.Debug|Any CPU.ActiveCfg = Debug|Any CPU
		{733E76CB-8BF6-4464-BD15-E34E672D8106}.Debug|Any CPU.Build.0 = Debug|Any CPU
		{733E76CB-8BF6-4464-BD15-E34E672D8106}.Release|Any CPU.ActiveCfg = Release|Any CPU
		{733E76CB-8BF6-4464-BD15-E34E672D8106}.Release|Any CPU.Build.0 = Release|Any CPU
		{999FF138-10B7-4872-9A3E-61A80F0B5AE1}.Debug|Any CPU.ActiveCfg = Debug|Any CPU
		{999FF138-10B7-4872-9A3E-61A80F0B5AE1}.Debug|Any CPU.Build.0 = Debug|Any CPU
		{999FF138-10B7-4872-9A3E-61A80F0B5AE1}.Release|Any CPU.ActiveCfg = Release|Any CPU
		{999FF138-10B7-4872-9A3E-61A80F0B5AE1}.Release|Any CPU.Build.0 = Release|Any CPU
		{E4107DE0-DFFC-4986-91C3-8197875F60A1}.Debug|Any CPU.ActiveCfg = Debug|Any CPU
		{E4107DE0-DFFC-4986-91C3-8197875F60A1}.Debug|Any CPU.Build.0 = Debug|Any CPU
		{E4107DE0-DFFC-4986-91C3-8197875F60A1}.Release|Any CPU.ActiveCfg = Release|Any CPU
		{E4107DE0-DFFC-4986-91C3-8197875F60A1}.Release|Any CPU.Build.0 = Release|Any CPU
		{4E6F4FB8-B881-4BB0-A042-12C7BE164EF0}.Debug|Any CPU.ActiveCfg = Debug|Any CPU
		{4E6F4FB8-B881-4BB0-A042-12C7BE164EF0}.Debug|Any CPU.Build.0 = Debug|Any CPU
		{4E6F4FB8-B881-4BB0-A042-12C7BE164EF0}.Release|Any CPU.ActiveCfg = Release|Any CPU
		{4E6F4FB8-B881-4BB0-A042-12C7BE164EF0}.Release|Any CPU.Build.0 = Release|Any CPU
		{338D245F-B9EE-4D87-AE7A-52A9F01E6DFD}.Debug|Any CPU.ActiveCfg = Debug|Any CPU
		{338D245F-B9EE-4D87-AE7A-52A9F01E6DFD}.Debug|Any CPU.Build.0 = Debug|Any CPU
		{338D245F-B9EE-4D87-AE7A-52A9F01E6DFD}.Release|Any CPU.ActiveCfg = Release|Any CPU
		{338D245F-B9EE-4D87-AE7A-52A9F01E6DFD}.Release|Any CPU.Build.0 = Release|Any CPU
		{6809B978-30B9-40BA-BA2F-44163B260F3E}.Debug|Any CPU.ActiveCfg = Debug|Any CPU
		{6809B978-30B9-40BA-BA2F-44163B260F3E}.Debug|Any CPU.Build.0 = Debug|Any CPU
		{6809B978-30B9-40BA-BA2F-44163B260F3E}.Release|Any CPU.ActiveCfg = Release|Any CPU
		{6809B978-30B9-40BA-BA2F-44163B260F3E}.Release|Any CPU.Build.0 = Release|Any CPU
		{82F6E9CA-4533-4117-86FC-843F0E835A1E}.Debug|Any CPU.ActiveCfg = Debug|Any CPU
		{82F6E9CA-4533-4117-86FC-843F0E835A1E}.Debug|Any CPU.Build.0 = Debug|Any CPU
		{82F6E9CA-4533-4117-86FC-843F0E835A1E}.Release|Any CPU.ActiveCfg = Release|Any CPU
		{82F6E9CA-4533-4117-86FC-843F0E835A1E}.Release|Any CPU.Build.0 = Release|Any CPU
		{0C1EB5BC-EB24-4590-A3E6-5264A5DE74A0}.Debug|Any CPU.ActiveCfg = Debug|Any CPU
		{0C1EB5BC-EB24-4590-A3E6-5264A5DE74A0}.Debug|Any CPU.Build.0 = Debug|Any CPU
		{0C1EB5BC-EB24-4590-A3E6-5264A5DE74A0}.Release|Any CPU.ActiveCfg = Release|Any CPU
		{0C1EB5BC-EB24-4590-A3E6-5264A5DE74A0}.Release|Any CPU.Build.0 = Release|Any CPU
		{5DAA1CF8-D40F-4EBB-BBCF-5B1962AA5E11}.Debug|Any CPU.ActiveCfg = Debug|Any CPU
		{5DAA1CF8-D40F-4EBB-BBCF-5B1962AA5E11}.Debug|Any CPU.Build.0 = Debug|Any CPU
		{5DAA1CF8-D40F-4EBB-BBCF-5B1962AA5E11}.Release|Any CPU.ActiveCfg = Release|Any CPU
		{5DAA1CF8-D40F-4EBB-BBCF-5B1962AA5E11}.Release|Any CPU.Build.0 = Release|Any CPU
		{46DAD42B-821C-4000-ADF6-55CEBCD96A94}.Debug|Any CPU.ActiveCfg = Debug|Any CPU
		{46DAD42B-821C-4000-ADF6-55CEBCD96A94}.Debug|Any CPU.Build.0 = Debug|Any CPU
		{46DAD42B-821C-4000-ADF6-55CEBCD96A94}.Release|Any CPU.ActiveCfg = Release|Any CPU
		{46DAD42B-821C-4000-ADF6-55CEBCD96A94}.Release|Any CPU.Build.0 = Release|Any CPU
		{F2D7115B-208C-44AE-B47A-436FB5AD75A9}.Debug|Any CPU.ActiveCfg = Debug|Any CPU
		{F2D7115B-208C-44AE-B47A-436FB5AD75A9}.Debug|Any CPU.Build.0 = Debug|Any CPU
		{F2D7115B-208C-44AE-B47A-436FB5AD75A9}.Release|Any CPU.ActiveCfg = Release|Any CPU
		{F2D7115B-208C-44AE-B47A-436FB5AD75A9}.Release|Any CPU.Build.0 = Release|Any CPU
		{A9D6E8D5-A4F4-4041-A690-8FE2F2C66999}.Debug|Any CPU.ActiveCfg = Debug|Any CPU
		{A9D6E8D5-A4F4-4041-A690-8FE2F2C66999}.Debug|Any CPU.Build.0 = Debug|Any CPU
		{A9D6E8D5-A4F4-4041-A690-8FE2F2C66999}.Release|Any CPU.ActiveCfg = Release|Any CPU
		{A9D6E8D5-A4F4-4041-A690-8FE2F2C66999}.Release|Any CPU.Build.0 = Release|Any CPU
		{CE17F237-1787-44E8-9013-EF129B6E8430}.Debug|Any CPU.ActiveCfg = Debug|Any CPU
		{CE17F237-1787-44E8-9013-EF129B6E8430}.Debug|Any CPU.Build.0 = Debug|Any CPU
		{CE17F237-1787-44E8-9013-EF129B6E8430}.Release|Any CPU.ActiveCfg = Release|Any CPU
		{CE17F237-1787-44E8-9013-EF129B6E8430}.Release|Any CPU.Build.0 = Release|Any CPU
		{14A39FC9-DEBC-403E-972A-092679F3C3FB}.Debug|Any CPU.ActiveCfg = Debug|Any CPU
		{14A39FC9-DEBC-403E-972A-092679F3C3FB}.Debug|Any CPU.Build.0 = Debug|Any CPU
		{14A39FC9-DEBC-403E-972A-092679F3C3FB}.Release|Any CPU.ActiveCfg = Release|Any CPU
		{14A39FC9-DEBC-403E-972A-092679F3C3FB}.Release|Any CPU.Build.0 = Release|Any CPU
		{6038CAF9-9981-4544-B133-CBAF2F2C1E89}.Debug|Any CPU.ActiveCfg = Debug|Any CPU
		{6038CAF9-9981-4544-B133-CBAF2F2C1E89}.Debug|Any CPU.Build.0 = Debug|Any CPU
		{6038CAF9-9981-4544-B133-CBAF2F2C1E89}.Release|Any CPU.ActiveCfg = Release|Any CPU
		{6038CAF9-9981-4544-B133-CBAF2F2C1E89}.Release|Any CPU.Build.0 = Release|Any CPU
		{8955F3B8-C9C2-476A-8B65-621752249FE4}.Debug|Any CPU.ActiveCfg = Debug|Any CPU
		{8955F3B8-C9C2-476A-8B65-621752249FE4}.Debug|Any CPU.Build.0 = Debug|Any CPU
		{8955F3B8-C9C2-476A-8B65-621752249FE4}.Release|Any CPU.ActiveCfg = Release|Any CPU
		{8955F3B8-C9C2-476A-8B65-621752249FE4}.Release|Any CPU.Build.0 = Release|Any CPU
		{00C8ED75-2156-4E6D-9A37-7AFA37E2C4E7}.Debug|Any CPU.ActiveCfg = Debug|Any CPU
		{00C8ED75-2156-4E6D-9A37-7AFA37E2C4E7}.Debug|Any CPU.Build.0 = Debug|Any CPU
		{00C8ED75-2156-4E6D-9A37-7AFA37E2C4E7}.Release|Any CPU.ActiveCfg = Release|Any CPU
		{00C8ED75-2156-4E6D-9A37-7AFA37E2C4E7}.Release|Any CPU.Build.0 = Release|Any CPU
	EndGlobalSection
	GlobalSection(SolutionProperties) = preSolution
		HideSolutionNode = FALSE
	EndGlobalSection
	GlobalSection(ExtensibilityGlobals) = postSolution
		SolutionGuid = {D5CB8206-DA6B-430D-9D08-F3B947C424D7}
	EndGlobalSection
EndGlobal
