
Microsoft Visual Studio Solution File, Format Version 12.00
# Visual Studio Version 17
VisualStudioVersion = 17.3.32929.385
MinimumVisualStudioVersion = 10.0.40219.1
Project("{8BC9CEB8-8B4A-11D0-8D11-00A0C91BC942}") = "Person", "Person\Person.vcxproj", "{EAFCE0FB-85CE-452B-A5C9-3FB5DCDA1F4D}"
EndProject
Global
	GlobalSection(SolutionConfigurationPlatforms) = preSolution
		Debug|x64 = Debug|x64
		Debug|x86 = Debug|x86
		Release|x64 = Release|x64
		Release|x86 = Release|x86
	EndGlobalSection
	GlobalSection(ProjectConfigurationPlatforms) = postSolution
		{EAFCE0FB-85CE-452B-A5C9-3FB5DCDA1F4D}.Debug|x64.ActiveCfg = Debug|x64
		{EAFCE0FB-85CE-452B-A5C9-3FB5DCDA1F4D}.Debug|x64.Build.0 = Debug|x64
		{EAFCE0FB-85CE-452B-A5C9-3FB5DCDA1F4D}.Debug|x86.ActiveCfg = Debug|Win32
		{EAFCE0FB-85CE-452B-A5C9-3FB5DCDA1F4D}.Debug|x86.Build.0 = Debug|Win32
		{EAFCE0FB-85CE-452B-A5C9-3FB5DCDA1F4D}.Release|x64.ActiveCfg = Release|x64
		{EAFCE0FB-85CE-452B-A5C9-3FB5DCDA1F4D}.Release|x64.Build.0 = Release|x64
		{EAFCE0FB-85CE-452B-A5C9-3FB5DCDA1F4D}.Release|x86.ActiveCfg = Release|Win32
		{EAFCE0FB-85CE-452B-A5C9-3FB5DCDA1F4D}.Release|x86.Build.0 = Release|Win32
	EndGlobalSection
	GlobalSection(SolutionProperties) = preSolution
		HideSolutionNode = FALSE
	EndGlobalSection
	GlobalSection(ExtensibilityGlobals) = postSolution
		SolutionGuid = {54AD6898-B6C8-461F-B1E2-587063A69BF9}
	EndGlobalSection
EndGlobal
