
Microsoft Visual Studio Solution File, Format Version 12.00
# Visual Studio Version 17
VisualStudioVersion = 17.9.34728.123
MinimumVisualStudioVersion = 10.0.40219.1
Project("{FAE04EC0-301F-11D3-BF4B-00C04F79EFBC}") = "QuanLiXe", "QuanLiXe\QuanLiXe.csproj", "{49495B22-DD8B-46EE-B694-1F2A1C74442C}"
EndProject
Global
	GlobalSection(SolutionConfigurationPlatforms) = preSolution
		Debug|Any CPU = Debug|Any CPU
		Release|Any CPU = Release|Any CPU
	EndGlobalSection
	GlobalSection(ProjectConfigurationPlatforms) = postSolution
		{49495B22-DD8B-46EE-B694-1F2A1C74442C}.Debug|Any CPU.ActiveCfg = Debug|Any CPU
		{49495B22-DD8B-46EE-B694-1F2A1C74442C}.Debug|Any CPU.Build.0 = Debug|Any CPU
		{49495B22-DD8B-46EE-B694-1F2A1C74442C}.Release|Any CPU.ActiveCfg = Release|Any CPU
		{49495B22-DD8B-46EE-B694-1F2A1C74442C}.Release|Any CPU.Build.0 = Release|Any CPU
	EndGlobalSection
	GlobalSection(SolutionProperties) = preSolution
		HideSolutionNode = FALSE
	EndGlobalSection
	GlobalSection(ExtensibilityGlobals) = postSolution
		SolutionGuid = {2FED0EE4-C90D-4CCD-A6E6-167F1AC9CEDC}
	EndGlobalSection
EndGlobal
