
Microsoft Visual Studio Solution File, Format Version 12.00
# Visual Studio Version 17
VisualStudioVersion = 17.9.34723.18
MinimumVisualStudioVersion = 10.0.40219.1
Project("{FAE04EC0-301F-11D3-BF4B-00C04F79EFBC}") = "test", "test\test.csproj", "{F8C31D65-9F97-4B12-BFDA-270D0AA5A0D9}"
EndProject
Global
	GlobalSection(SolutionConfigurationPlatforms) = preSolution
		Debug|Any CPU = Debug|Any CPU
		Release|Any CPU = Release|Any CPU
	EndGlobalSection
	GlobalSection(ProjectConfigurationPlatforms) = postSolution
		{F8C31D65-9F97-4B12-BFDA-270D0AA5A0D9}.Debug|Any CPU.ActiveCfg = Debug|Any CPU
		{F8C31D65-9F97-4B12-BFDA-270D0AA5A0D9}.Debug|Any CPU.Build.0 = Debug|Any CPU
		{F8C31D65-9F97-4B12-BFDA-270D0AA5A0D9}.Release|Any CPU.ActiveCfg = Release|Any CPU
		{F8C31D65-9F97-4B12-BFDA-270D0AA5A0D9}.Release|Any CPU.Build.0 = Release|Any CPU
	EndGlobalSection
	GlobalSection(SolutionProperties) = preSolution
		HideSolutionNode = FALSE
	EndGlobalSection
	GlobalSection(ExtensibilityGlobals) = postSolution
		SolutionGuid = {D39ADDA3-A647-4D67-8080-2417E70AAF4E}
	EndGlobalSection
EndGlobal
